
Microsoft Visual Studio Solution File, Format Version 12.00
# Visual Studio Version 17
VisualStudioVersion = 17.9.34607.119
MinimumVisualStudioVersion = 10.0.40219.1
Project("{9A19103F-16F7-4668-BE54-9A1E7A4F7556}") = "TaskManagementApp", "TaskManagementApp\TaskManagementApp.csproj", "{633EEADC-B2DA-4F03-A566-0C9D800BDDDF}"
EndProject
Global
	GlobalSection(SolutionConfigurationPlatforms) = preSolution
		Debug|Any CPU = Debug|Any CPU
		Release|Any CPU = Release|Any CPU
	EndGlobalSection
	GlobalSection(ProjectConfigurationPlatforms) = postSolution
		{633EEADC-B2DA-4F03-A566-0C9D800BDDDF}.Debug|Any CPU.ActiveCfg = Debug|Any CPU
		{633EEADC-B2DA-4F03-A566-0C9D800BDDDF}.Debug|Any CPU.Build.0 = Debug|Any CPU
		{633EEADC-B2DA-4F03-A566-0C9D800BDDDF}.Release|Any CPU.ActiveCfg = Release|Any CPU
		{633EEADC-B2DA-4F03-A566-0C9D800BDDDF}.Release|Any CPU.Build.0 = Release|Any CPU
	EndGlobalSection
	GlobalSection(SolutionProperties) = preSolution
		HideSolutionNode = FALSE
	EndGlobalSection
	GlobalSection(ExtensibilityGlobals) = postSolution
		SolutionGuid = {3374B74B-CE18-4AB6-9615-65AE3920A320}
	EndGlobalSection
EndGlobal
